// !$*UTF8*$!
{
	archiveVersion = 1;
	classes = {
	};
	objectVersion = 56;
	objects = {

/* Begin PBXBuildFile section */
		E82242252BB5B4480068BF66 /* ForecastModel.swift in Sources */ = {isa = PBXBuildFile; fileRef = E82242242BB5B4480068BF66 /* ForecastModel.swift */; };
		E82242272BB5B4730068BF66 /* WeatherModel.swift in Sources */ = {isa = PBXBuildFile; fileRef = E82242262BB5B4730068BF66 /* WeatherModel.swift */; };
		E82242292BB5B73C0068BF66 /* WeatherService.swift in Sources */ = {isa = PBXBuildFile; fileRef = E82242282BB5B73C0068BF66 /* WeatherService.swift */; };
		E822422B2BB5B7470068BF66 /* ForecastService.swift in Sources */ = {isa = PBXBuildFile; fileRef = E822422A2BB5B7470068BF66 /* ForecastService.swift */; };
		E822422E2BB5B81D0068BF66 /* ForecastViewModel.swift in Sources */ = {isa = PBXBuildFile; fileRef = E822422D2BB5B81D0068BF66 /* ForecastViewModel.swift */; };
		E82242302BB5B83B0068BF66 /* WeatherViewModel.swift in Sources */ = {isa = PBXBuildFile; fileRef = E822422F2BB5B83B0068BF66 /* WeatherViewModel.swift */; };
		E82242332BB5BCF00068BF66 /* LocationManager.swift in Sources */ = {isa = PBXBuildFile; fileRef = E82242322BB5BCF00068BF66 /* LocationManager.swift */; };
		E82242362BB5BE150068BF66 /* TabBar.swift in Sources */ = {isa = PBXBuildFile; fileRef = E82242352BB5BE150068BF66 /* TabBar.swift */; };
		E82242382BB5BE8C0068BF66 /* HomeView.swift in Sources */ = {isa = PBXBuildFile; fileRef = E82242372BB5BE8C0068BF66 /* HomeView.swift */; };
		E822423C2BB5C32A0068BF66 /* Extensions.swift in Sources */ = {isa = PBXBuildFile; fileRef = E822423B2BB5C32A0068BF66 /* Extensions.swift */; };
		E82242402BB60EF70068BF66 /* Donate.swift in Sources */ = {isa = PBXBuildFile; fileRef = E822423F2BB60EF70068BF66 /* Donate.swift */; };
		E82242442BB6166C0068BF66 /* SettingsView.swift in Sources */ = {isa = PBXBuildFile; fileRef = E82242432BB6166C0068BF66 /* SettingsView.swift */; };
		E82242482BB61AB30068BF66 /* UnitsView.swift in Sources */ = {isa = PBXBuildFile; fileRef = E82242472BB61AB30068BF66 /* UnitsView.swift */; };
		E8DB91DC2BB4ABF000664015 /* ReWriteWeatherApp.swift in Sources */ = {isa = PBXBuildFile; fileRef = E8DB91DB2BB4ABF000664015 /* ReWriteWeatherApp.swift */; };
		E8DB91DE2BB4ABF000664015 /* ContentView.swift in Sources */ = {isa = PBXBuildFile; fileRef = E8DB91DD2BB4ABF000664015 /* ContentView.swift */; };
		E8DB91E02BB4ABF200664015 /* Assets.xcassets in Resources */ = {isa = PBXBuildFile; fileRef = E8DB91DF2BB4ABF200664015 /* Assets.xcassets */; };
		E8DB91E32BB4ABF200664015 /* Preview Assets.xcassets in Resources */ = {isa = PBXBuildFile; fileRef = E8DB91E22BB4ABF200664015 /* Preview Assets.xcassets */; };
/* End PBXBuildFile section */

/* Begin PBXFileReference section */
		E82242242BB5B4480068BF66 /* ForecastModel.swift */ = {isa = PBXFileReference; lastKnownFileType = sourcecode.swift; path = ForecastModel.swift; sourceTree = "<group>"; };
		E82242262BB5B4730068BF66 /* WeatherModel.swift */ = {isa = PBXFileReference; lastKnownFileType = sourcecode.swift; path = WeatherModel.swift; sourceTree = "<group>"; };
		E82242282BB5B73C0068BF66 /* WeatherService.swift */ = {isa = PBXFileReference; lastKnownFileType = sourcecode.swift; path = WeatherService.swift; sourceTree = "<group>"; };
		E822422A2BB5B7470068BF66 /* ForecastService.swift */ = {isa = PBXFileReference; lastKnownFileType = sourcecode.swift; path = ForecastService.swift; sourceTree = "<group>"; };
		E822422D2BB5B81D0068BF66 /* ForecastViewModel.swift */ = {isa = PBXFileReference; lastKnownFileType = sourcecode.swift; path = ForecastViewModel.swift; sourceTree = "<group>"; };
		E822422F2BB5B83B0068BF66 /* WeatherViewModel.swift */ = {isa = PBXFileReference; lastKnownFileType = sourcecode.swift; path = WeatherViewModel.swift; sourceTree = "<group>"; };
		E82242322BB5BCF00068BF66 /* LocationManager.swift */ = {isa = PBXFileReference; lastKnownFileType = sourcecode.swift; path = LocationManager.swift; sourceTree = "<group>"; };
		E82242352BB5BE150068BF66 /* TabBar.swift */ = {isa = PBXFileReference; lastKnownFileType = sourcecode.swift; path = TabBar.swift; sourceTree = "<group>"; };
		E82242372BB5BE8C0068BF66 /* HomeView.swift */ = {isa = PBXFileReference; lastKnownFileType = sourcecode.swift; path = HomeView.swift; sourceTree = "<group>"; };
		E822423B2BB5C32A0068BF66 /* Extensions.swift */ = {isa = PBXFileReference; lastKnownFileType = sourcecode.swift; path = Extensions.swift; sourceTree = "<group>"; };
		E822423F2BB60EF70068BF66 /* Donate.swift */ = {isa = PBXFileReference; lastKnownFileType = sourcecode.swift; path = Donate.swift; sourceTree = "<group>"; };
		E82242432BB6166C0068BF66 /* SettingsView.swift */ = {isa = PBXFileReference; lastKnownFileType = sourcecode.swift; path = SettingsView.swift; sourceTree = "<group>"; };
		E82242472BB61AB30068BF66 /* UnitsView.swift */ = {isa = PBXFileReference; lastKnownFileType = sourcecode.swift; path = UnitsView.swift; sourceTree = "<group>"; };
		E8DB91D82BB4ABF000664015 /* ReWriteWeather.app */ = {isa = PBXFileReference; explicitFileType = wrapper.application; includeInIndex = 0; path = ReWriteWeather.app; sourceTree = BUILT_PRODUCTS_DIR; };
		E8DB91DB2BB4ABF000664015 /* ReWriteWeatherApp.swift */ = {isa = PBXFileReference; lastKnownFileType = sourcecode.swift; path = ReWriteWeatherApp.swift; sourceTree = "<group>"; };
		E8DB91DD2BB4ABF000664015 /* ContentView.swift */ = {isa = PBXFileReference; lastKnownFileType = sourcecode.swift; path = ContentView.swift; sourceTree = "<group>"; };
		E8DB91DF2BB4ABF200664015 /* Assets.xcassets */ = {isa = PBXFileReference; lastKnownFileType = folder.assetcatalog; path = Assets.xcassets; sourceTree = "<group>"; };
		E8DB91E22BB4ABF200664015 /* Preview Assets.xcassets */ = {isa = PBXFileReference; lastKnownFileType = folder.assetcatalog; path = "Preview Assets.xcassets"; sourceTree = "<group>"; };
/* End PBXFileReference section */

/* Begin PBXFrameworksBuildPhase section */
		E8DB91D52BB4ABF000664015 /* Frameworks */ = {
			isa = PBXFrameworksBuildPhase;
			buildActionMask = 2147483647;
			files = (
			);
			runOnlyForDeploymentPostprocessing = 0;
		};
/* End PBXFrameworksBuildPhase section */

/* Begin PBXGroup section */
		E82242232BB5B4340068BF66 /* Model */ = {
			isa = PBXGroup;
			children = (
				E82242242BB5B4480068BF66 /* ForecastModel.swift */,
				E82242262BB5B4730068BF66 /* WeatherModel.swift */,
			);
			path = Model;
			sourceTree = "<group>";
		};
		E822422C2BB5B8050068BF66 /* ViewModel */ = {
			isa = PBXGroup;
			children = (
				E822422D2BB5B81D0068BF66 /* ForecastViewModel.swift */,
				E822422F2BB5B83B0068BF66 /* WeatherViewModel.swift */,
			);
			path = ViewModel;
			sourceTree = "<group>";
		};
		E82242312BB5BCD50068BF66 /* LocationManager */ = {
			isa = PBXGroup;
			children = (
				E82242322BB5BCF00068BF66 /* LocationManager.swift */,
			);
			path = LocationManager;
			sourceTree = "<group>";
		};
		E82242342BB5BE0A0068BF66 /* Views */ = {
			isa = PBXGroup;
			children = (
				E82242352BB5BE150068BF66 /* TabBar.swift */,
				E82242432BB6166C0068BF66 /* SettingsView.swift */,
				E82242472BB61AB30068BF66 /* UnitsView.swift */,
				E82242372BB5BE8C0068BF66 /* HomeView.swift */,
				E822423F2BB60EF70068BF66 /* Donate.swift */,
			);
			path = Views;
			sourceTree = "<group>";
		};
		E8DB91CF2BB4ABF000664015 = {
			isa = PBXGroup;
			children = (
				E8DB91DA2BB4ABF000664015 /* ReWriteWeather */,
				E8DB91D92BB4ABF000664015 /* Products */,
			);
			sourceTree = "<group>";
		};
		E8DB91D92BB4ABF000664015 /* Products */ = {
			isa = PBXGroup;
			children = (
				E8DB91D82BB4ABF000664015 /* ReWriteWeather.app */,
			);
			name = Products;
			sourceTree = "<group>";
		};
		E8DB91DA2BB4ABF000664015 /* ReWriteWeather */ = {
			isa = PBXGroup;
			children = (
				E8DB91DB2BB4ABF000664015 /* ReWriteWeatherApp.swift */,
				E822423B2BB5C32A0068BF66 /* Extensions.swift */,
				E8DB91DD2BB4ABF000664015 /* ContentView.swift */,
				E82242342BB5BE0A0068BF66 /* Views */,
				E82242312BB5BCD50068BF66 /* LocationManager */,
				E822422C2BB5B8050068BF66 /* ViewModel */,
				E82242232BB5B4340068BF66 /* Model */,
				E8DB91E92BB4ABF700664015 /* Network */,
				E8DB91DF2BB4ABF200664015 /* Assets.xcassets */,
				E8DB91E12BB4ABF200664015 /* Preview Content */,
			);
			path = ReWriteWeather;
			sourceTree = "<group>";
		};
		E8DB91E12BB4ABF200664015 /* Preview Content */ = {
			isa = PBXGroup;
			children = (
				E8DB91E22BB4ABF200664015 /* Preview Assets.xcassets */,
			);
			path = "Preview Content";
			sourceTree = "<group>";
		};
		E8DB91E92BB4ABF700664015 /* Network */ = {
			isa = PBXGroup;
			children = (
				E82242282BB5B73C0068BF66 /* WeatherService.swift */,
				E822422A2BB5B7470068BF66 /* ForecastService.swift */,
			);
			path = Network;
			sourceTree = "<group>";
		};
/* End PBXGroup section */

/* Begin PBXNativeTarget section */
		E8DB91D72BB4ABF000664015 /* ReWriteWeather */ = {
			isa = PBXNativeTarget;
			buildConfigurationList = E8DB91E62BB4ABF200664015 /* Build configuration list for PBXNativeTarget "ReWriteWeather" */;
			buildPhases = (
				E8DB91D42BB4ABF000664015 /* Sources */,
				E8DB91D52BB4ABF000664015 /* Frameworks */,
				E8DB91D62BB4ABF000664015 /* Resources */,
			);
			buildRules = (
			);
			dependencies = (
			);
			name = ReWriteWeather;
			productName = ReWriteWeather;
			productReference = E8DB91D82BB4ABF000664015 /* ReWriteWeather.app */;
			productType = "com.apple.product-type.application";
		};
/* End PBXNativeTarget section */

/* Begin PBXProject section */
		E8DB91D02BB4ABF000664015 /* Project object */ = {
			isa = PBXProject;
			attributes = {
				BuildIndependentTargetsInParallel = 1;
				LastSwiftUpdateCheck = 1500;
				LastUpgradeCheck = 1500;
				TargetAttributes = {
					E8DB91D72BB4ABF000664015 = {
						CreatedOnToolsVersion = 15.0;
					};
				};
			};
			buildConfigurationList = E8DB91D32BB4ABF000664015 /* Build configuration list for PBXProject "ReWriteWeather" */;
			compatibilityVersion = "Xcode 14.0";
			developmentRegion = en;
			hasScannedForEncodings = 0;
			knownRegions = (
				en,
				Base,
			);
			mainGroup = E8DB91CF2BB4ABF000664015;
			productRefGroup = E8DB91D92BB4ABF000664015 /* Products */;
			projectDirPath = "";
			projectRoot = "";
			targets = (
				E8DB91D72BB4ABF000664015 /* ReWriteWeather */,
			);
		};
/* End PBXProject section */

/* Begin PBXResourcesBuildPhase section */
		E8DB91D62BB4ABF000664015 /* Resources */ = {
			isa = PBXResourcesBuildPhase;
			buildActionMask = 2147483647;
			files = (
				E8DB91E32BB4ABF200664015 /* Preview Assets.xcassets in Resources */,
				E8DB91E02BB4ABF200664015 /* Assets.xcassets in Resources */,
			);
			runOnlyForDeploymentPostprocessing = 0;
		};
/* End PBXResourcesBuildPhase section */

/* Begin PBXSourcesBuildPhase section */
		E8DB91D42BB4ABF000664015 /* Sources */ = {
			isa = PBXSourcesBuildPhase;
			buildActionMask = 2147483647;
			files = (
				E82242292BB5B73C0068BF66 /* WeatherService.swift in Sources */,
				E8DB91DE2BB4ABF000664015 /* ContentView.swift in Sources */,
				E82242402BB60EF70068BF66 /* Donate.swift in Sources */,
				E82242252BB5B4480068BF66 /* ForecastModel.swift in Sources */,
				E822422E2BB5B81D0068BF66 /* ForecastViewModel.swift in Sources */,
				E8DB91DC2BB4ABF000664015 /* ReWriteWeatherApp.swift in Sources */,
				E82242482BB61AB30068BF66 /* UnitsView.swift in Sources */,
				E82242382BB5BE8C0068BF66 /* HomeView.swift in Sources */,
				E82242302BB5B83B0068BF66 /* WeatherViewModel.swift in Sources */,
				E82242442BB6166C0068BF66 /* SettingsView.swift in Sources */,
				E822422B2BB5B7470068BF66 /* ForecastService.swift in Sources */,
				E822423C2BB5C32A0068BF66 /* Extensions.swift in Sources */,
				E82242272BB5B4730068BF66 /* WeatherModel.swift in Sources */,
				E82242332BB5BCF00068BF66 /* LocationManager.swift in Sources */,
				E82242362BB5BE150068BF66 /* TabBar.swift in Sources */,
			);
			runOnlyForDeploymentPostprocessing = 0;
		};
/* End PBXSourcesBuildPhase section */

/* Begin XCBuildConfiguration section */
		E8DB91E42BB4ABF200664015 /* Debug */ = {
			isa = XCBuildConfiguration;
			buildSettings = {
				ALWAYS_SEARCH_USER_PATHS = NO;
				ASSETCATALOG_COMPILER_GENERATE_SWIFT_ASSET_SYMBOL_EXTENSIONS = YES;
				CLANG_ANALYZER_NONNULL = YES;
				CLANG_ANALYZER_NUMBER_OBJECT_CONVERSION = YES_AGGRESSIVE;
				CLANG_CXX_LANGUAGE_STANDARD = "gnu++20";
				CLANG_ENABLE_MODULES = YES;
				CLANG_ENABLE_OBJC_ARC = YES;
				CLANG_ENABLE_OBJC_WEAK = YES;
				CLANG_WARN_BLOCK_CAPTURE_AUTORELEASING = YES;
				CLANG_WARN_BOOL_CONVERSION = YES;
				CLANG_WARN_COMMA = YES;
				CLANG_WARN_CONSTANT_CONVERSION = YES;
				CLANG_WARN_DEPRECATED_OBJC_IMPLEMENTATIONS = YES;
				CLANG_WARN_DIRECT_OBJC_ISA_USAGE = YES_ERROR;
				CLANG_WARN_DOCUMENTATION_COMMENTS = YES;
				CLANG_WARN_EMPTY_BODY = YES;
				CLANG_WARN_ENUM_CONVERSION = YES;
				CLANG_WARN_INFINITE_RECURSION = YES;
				CLANG_WARN_INT_CONVERSION = YES;
				CLANG_WARN_NON_LITERAL_NULL_CONVERSION = YES;
				CLANG_WARN_OBJC_IMPLICIT_RETAIN_SELF = YES;
				CLANG_WARN_OBJC_LITERAL_CONVERSION = YES;
				CLANG_WARN_OBJC_ROOT_CLASS = YES_ERROR;
				CLANG_WARN_QUOTED_INCLUDE_IN_FRAMEWORK_HEADER = YES;
				CLANG_WARN_RANGE_LOOP_ANALYSIS = YES;
				CLANG_WARN_STRICT_PROTOTYPES = YES;
				CLANG_WARN_SUSPICIOUS_MOVE = YES;
				CLANG_WARN_UNGUARDED_AVAILABILITY = YES_AGGRESSIVE;
				CLANG_WARN_UNREACHABLE_CODE = YES;
				CLANG_WARN__DUPLICATE_METHOD_MATCH = YES;
				COPY_PHASE_STRIP = NO;
				DEBUG_INFORMATION_FORMAT = dwarf;
				ENABLE_STRICT_OBJC_MSGSEND = YES;
				ENABLE_TESTABILITY = YES;
				ENABLE_USER_SCRIPT_SANDBOXING = YES;
				GCC_C_LANGUAGE_STANDARD = gnu17;
				GCC_DYNAMIC_NO_PIC = NO;
				GCC_NO_COMMON_BLOCKS = YES;
				GCC_OPTIMIZATION_LEVEL = 0;
				GCC_PREPROCESSOR_DEFINITIONS = (
					"DEBUG=1",
					"$(inherited)",
				);
				GCC_WARN_64_TO_32_BIT_CONVERSION = YES;
				GCC_WARN_ABOUT_RETURN_TYPE = YES_ERROR;
				GCC_WARN_UNDECLARED_SELECTOR = YES;
				GCC_WARN_UNINITIALIZED_AUTOS = YES_AGGRESSIVE;
				GCC_WARN_UNUSED_FUNCTION = YES;
				GCC_WARN_UNUSED_VARIABLE = YES;
				IPHONEOS_DEPLOYMENT_TARGET = 17.0;
				LOCALIZATION_PREFERS_STRING_CATALOGS = YES;
				MTL_ENABLE_DEBUG_INFO = INCLUDE_SOURCE;
				MTL_FAST_MATH = YES;
				ONLY_ACTIVE_ARCH = YES;
				SDKROOT = iphoneos;
				SWIFT_ACTIVE_COMPILATION_CONDITIONS = "DEBUG $(inherited)";
				SWIFT_OPTIMIZATION_LEVEL = "-Onone";
			};
			name = Debug;
		};
		E8DB91E52BB4ABF200664015 /* Release */ = {
			isa = XCBuildConfiguration;
			buildSettings = {
				ALWAYS_SEARCH_USER_PATHS = NO;
				ASSETCATALOG_COMPILER_GENERATE_SWIFT_ASSET_SYMBOL_EXTENSIONS = YES;
				CLANG_ANALYZER_NONNULL = YES;
				CLANG_ANALYZER_NUMBER_OBJECT_CONVERSION = YES_AGGRESSIVE;
				CLANG_CXX_LANGUAGE_STANDARD = "gnu++20";
				CLANG_ENABLE_MODULES = YES;
				CLANG_ENABLE_OBJC_ARC = YES;
				CLANG_ENABLE_OBJC_WEAK = YES;
				CLANG_WARN_BLOCK_CAPTURE_AUTORELEASING = YES;
				CLANG_WARN_BOOL_CONVERSION = YES;
				CLANG_WARN_COMMA = YES;
				CLANG_WARN_CONSTANT_CONVERSION = YES;
				CLANG_WARN_DEPRECATED_OBJC_IMPLEMENTATIONS = YES;
				CLANG_WARN_DIRECT_OBJC_ISA_USAGE = YES_ERROR;
				CLANG_WARN_DOCUMENTATION_COMMENTS = YES;
				CLANG_WARN_EMPTY_BODY = YES;
				CLANG_WARN_ENUM_CONVERSION = YES;
				CLANG_WARN_INFINITE_RECURSION = YES;
				CLANG_WARN_INT_CONVERSION = YES;
				CLANG_WARN_NON_LITERAL_NULL_CONVERSION = YES;
				CLANG_WARN_OBJC_IMPLICIT_RETAIN_SELF = YES;
				CLANG_WARN_OBJC_LITERAL_CONVERSION = YES;
				CLANG_WARN_OBJC_ROOT_CLASS = YES_ERROR;
				CLANG_WARN_QUOTED_INCLUDE_IN_FRAMEWORK_HEADER = YES;
				CLANG_WARN_RANGE_LOOP_ANALYSIS = YES;
				CLANG_WARN_STRICT_PROTOTYPES = YES;
				CLANG_WARN_SUSPICIOUS_MOVE = YES;
				CLANG_WARN_UNGUARDED_AVAILABILITY = YES_AGGRESSIVE;
				CLANG_WARN_UNREACHABLE_CODE = YES;
				CLANG_WARN__DUPLICATE_METHOD_MATCH = YES;
				COPY_PHASE_STRIP = NO;
				DEBUG_INFORMATION_FORMAT = "dwarf-with-dsym";
				ENABLE_NS_ASSERTIONS = NO;
				ENABLE_STRICT_OBJC_MSGSEND = YES;
				ENABLE_USER_SCRIPT_SANDBOXING = YES;
				GCC_C_LANGUAGE_STANDARD = gnu17;
				GCC_NO_COMMON_BLOCKS = YES;
				GCC_WARN_64_TO_32_BIT_CONVERSION = YES;
				GCC_WARN_ABOUT_RETURN_TYPE = YES_ERROR;
				GCC_WARN_UNDECLARED_SELECTOR = YES;
				GCC_WARN_UNINITIALIZED_AUTOS = YES_AGGRESSIVE;
				GCC_WARN_UNUSED_FUNCTION = YES;
				GCC_WARN_UNUSED_VARIABLE = YES;
				IPHONEOS_DEPLOYMENT_TARGET = 17.0;
				LOCALIZATION_PREFERS_STRING_CATALOGS = YES;
				MTL_ENABLE_DEBUG_INFO = NO;
				MTL_FAST_MATH = YES;
				SDKROOT = iphoneos;
				SWIFT_COMPILATION_MODE = wholemodule;
				VALIDATE_PRODUCT = YES;
			};
			name = Release;
		};
		E8DB91E72BB4ABF200664015 /* Debug */ = {
			isa = XCBuildConfiguration;
			buildSettings = {
				ASSETCATALOG_COMPILER_APPICON_NAME = AppIcon;
				ASSETCATALOG_COMPILER_GLOBAL_ACCENT_COLOR_NAME = AccentColor;
				CODE_SIGN_STYLE = Automatic;
				CURRENT_PROJECT_VERSION = 1;
				DEVELOPMENT_ASSET_PATHS = "\"ReWriteWeather/Preview Content\"";
				DEVELOPMENT_TEAM = 36N72Y7M5U;
				ENABLE_PREVIEWS = YES;
				GENERATE_INFOPLIST_FILE = YES;
				INFOPLIST_KEY_NSLocationWhenInUseUsageDescription = Nada;
				INFOPLIST_KEY_UIApplicationSceneManifest_Generation = YES;
				INFOPLIST_KEY_UIApplicationSupportsIndirectInputEvents = YES;
				INFOPLIST_KEY_UILaunchScreen_Generation = YES;
				INFOPLIST_KEY_UISupportedInterfaceOrientations_iPad = "UIInterfaceOrientationPortrait UIInterfaceOrientationPortraitUpsideDown UIInterfaceOrientationLandscapeLeft UIInterfaceOrientationLandscapeRight";
				INFOPLIST_KEY_UISupportedInterfaceOrientations_iPhone = "UIInterfaceOrientationPortrait UIInterfaceOrientationLandscapeLeft UIInterfaceOrientationLandscapeRight";
				LD_RUNPATH_SEARCH_PATHS = (
					"$(inherited)",
					"@executable_path/Frameworks",
				);
				MARKETING_VERSION = 1.0;
				PRODUCT_BUNDLE_IDENTIFIER = testplay.ReWriteWeather;
				PRODUCT_NAME = "$(TARGET_NAME)";
				SWIFT_EMIT_LOC_STRINGS = YES;
				SWIFT_VERSION = 5.0;
				TARGETED_DEVICE_FAMILY = "1,2";
			};
			name = Debug;
		};
		E8DB91E82BB4ABF200664015 /* Release */ = {
			isa = XCBuildConfiguration;
			buildSettings = {
				ASSETCATALOG_COMPILER_APPICON_NAME = AppIcon;
				ASSETCATALOG_COMPILER_GLOBAL_ACCENT_COLOR_NAME = AccentColor;
				CODE_SIGN_STYLE = Automatic;
				CURRENT_PROJECT_VERSION = 1;
				DEVELOPMENT_ASSET_PATHS = "\"ReWriteWeather/Preview Content\"";
				DEVELOPMENT_TEAM = 36N72Y7M5U;
				ENABLE_PREVIEWS = YES;
				GENERATE_INFOPLIST_FILE = YES;
				INFOPLIST_KEY_NSLocationWhenInUseUsageDescription = Nada;
				INFOPLIST_KEY_UIApplicationSceneManifest_Generation = YES;
				INFOPLIST_KEY_UIApplicationSupportsIndirectInputEvents = YES;
				INFOPLIST_KEY_UILaunchScreen_Generation = YES;
				INFOPLIST_KEY_UISupportedInterfaceOrientations_iPad = "UIInterfaceOrientationPortrait UIInterfaceOrientationPortraitUpsideDown UIInterfaceOrientationLandscapeLeft UIInterfaceOrientationLandscapeRight";
				INFOPLIST_KEY_UISupportedInterfaceOrientations_iPhone = "UIInterfaceOrientationPortrait UIInterfaceOrientationLandscapeLeft UIInterfaceOrientationLandscapeRight";
				LD_RUNPATH_SEARCH_PATHS = (
					"$(inherited)",
					"@executable_path/Frameworks",
				);
				MARKETING_VERSION = 1.0;
				PRODUCT_BUNDLE_IDENTIFIER = testplay.ReWriteWeather;
				PRODUCT_NAME = "$(TARGET_NAME)";
				SWIFT_EMIT_LOC_STRINGS = YES;
				SWIFT_VERSION = 5.0;
				TARGETED_DEVICE_FAMILY = "1,2";
			};
			name = Release;
		};
/* End XCBuildConfiguration section */

/* Begin XCConfigurationList section */
		E8DB91D32BB4ABF000664015 /* Build configuration list for PBXProject "ReWriteWeather" */ = {
			isa = XCConfigurationList;
			buildConfigurations = (
				E8DB91E42BB4ABF200664015 /* Debug */,
				E8DB91E52BB4ABF200664015 /* Release */,
			);
			defaultConfigurationIsVisible = 0;
			defaultConfigurationName = Release;
		};
		E8DB91E62BB4ABF200664015 /* Build configuration list for PBXNativeTarget "ReWriteWeather" */ = {
			isa = XCConfigurationList;
			buildConfigurations = (
				E8DB91E72BB4ABF200664015 /* Debug */,
				E8DB91E82BB4ABF200664015 /* Release */,
			);
			defaultConfigurationIsVisible = 0;
			defaultConfigurationName = Release;
		};
/* End XCConfigurationList section */
	};
	rootObject = E8DB91D02BB4ABF000664015 /* Project object */;
}
